# This file is generated by running "yarn install" inside your project.
# Manual changes might be lost - proceed with caution!

__metadata:
  version: 6

"vtexio-appexample-front-main@workspace:.":
  version: 0.0.0-use.local
  resolution: "vtexio-appexample-front-main@workspace:."
  languageName: unknown
  linkType: soft
